// !$*UTF8*$!
{
	archiveVersion = 1;
	classes = {
	};
	objectVersion = 55;
	objects = {

/* Begin PBXBuildFile section */
		96271CDE2801029100CC8743 /* Tests_iOS.swift in Sources */ = {isa = PBXBuildFile; fileRef = 96271CDD2801029100CC8743 /* Tests_iOS.swift */; };
		96271CE02801029100CC8743 /* Tests_iOSLaunchTests.swift in Sources */ = {isa = PBXBuildFile; fileRef = 96271CDF2801029100CC8743 /* Tests_iOSLaunchTests.swift */; };
		96271CEA2801029100CC8743 /* Tests_macOS.swift in Sources */ = {isa = PBXBuildFile; fileRef = 96271CE92801029100CC8743 /* Tests_macOS.swift */; };
		96271CEC2801029100CC8743 /* Tests_macOSLaunchTests.swift in Sources */ = {isa = PBXBuildFile; fileRef = 96271CEB2801029100CC8743 /* Tests_macOSLaunchTests.swift */; };
		96271CED2801029100CC8743 /* MemorizeApp.swift in Sources */ = {isa = PBXBuildFile; fileRef = 96271CC52801027F00CC8743 /* MemorizeApp.swift */; };
		96271CEE2801029100CC8743 /* MemorizeApp.swift in Sources */ = {isa = PBXBuildFile; fileRef = 96271CC52801027F00CC8743 /* MemorizeApp.swift */; };
		96271CEF2801029100CC8743 /* EmojiMemoryGameView.swift in Sources */ = {isa = PBXBuildFile; fileRef = 96271CC62801027F00CC8743 /* EmojiMemoryGameView.swift */; };
		96271CF02801029100CC8743 /* EmojiMemoryGameView.swift in Sources */ = {isa = PBXBuildFile; fileRef = 96271CC62801027F00CC8743 /* EmojiMemoryGameView.swift */; };
		96271CF12801029100CC8743 /* Assets.xcassets in Resources */ = {isa = PBXBuildFile; fileRef = 96271CC72801029100CC8743 /* Assets.xcassets */; };
		96271CF22801029100CC8743 /* Assets.xcassets in Resources */ = {isa = PBXBuildFile; fileRef = 96271CC72801029100CC8743 /* Assets.xcassets */; };
		96503E12281889FA00DACB71 /* Pie.swift in Sources */ = {isa = PBXBuildFile; fileRef = 96503E11281889FA00DACB71 /* Pie.swift */; };
		96503E13281889FA00DACB71 /* Pie.swift in Sources */ = {isa = PBXBuildFile; fileRef = 96503E11281889FA00DACB71 /* Pie.swift */; };
		965ECC9E2816FC8700FD2C18 /* AspectVGrid.swift in Sources */ = {isa = PBXBuildFile; fileRef = 965ECC9D2816FC8600FD2C18 /* AspectVGrid.swift */; };
		965ECC9F2816FC8800FD2C18 /* AspectVGrid.swift in Sources */ = {isa = PBXBuildFile; fileRef = 965ECC9D2816FC8600FD2C18 /* AspectVGrid.swift */; };
		96DA94B3281A0E9E00D66178 /* Cardify.swift in Sources */ = {isa = PBXBuildFile; fileRef = 96DA94B2281A0E9D00D66178 /* Cardify.swift */; };
		96DA94B4281A0E9E00D66178 /* Cardify.swift in Sources */ = {isa = PBXBuildFile; fileRef = 96DA94B2281A0E9D00D66178 /* Cardify.swift */; };
		96DCAF5E280DA38C002A24B2 /* MemoryGame.swift in Sources */ = {isa = PBXBuildFile; fileRef = 96DCAF5D280DA38C002A24B2 /* MemoryGame.swift */; };
		96DCAF5F280DA38C002A24B2 /* MemoryGame.swift in Sources */ = {isa = PBXBuildFile; fileRef = 96DCAF5D280DA38C002A24B2 /* MemoryGame.swift */; };
		96DCAF61280DA4F3002A24B2 /* EmojiMemoryGame.swift in Sources */ = {isa = PBXBuildFile; fileRef = 96DCAF60280DA4F1002A24B2 /* EmojiMemoryGame.swift */; };
		96DCAF62280DA4F3002A24B2 /* EmojiMemoryGame.swift in Sources */ = {isa = PBXBuildFile; fileRef = 96DCAF60280DA4F1002A24B2 /* EmojiMemoryGame.swift */; };
/* End PBXBuildFile section */

/* Begin PBXContainerItemProxy section */
		96271CDA2801029100CC8743 /* PBXContainerItemProxy */ = {
			isa = PBXContainerItemProxy;
			containerPortal = 96271CC02801027E00CC8743 /* Project object */;
			proxyType = 1;
			remoteGlobalIDString = 96271CCB2801029100CC8743;
			remoteInfo = "Memorize (iOS)";
		};
		96271CE62801029100CC8743 /* PBXContainerItemProxy */ = {
			isa = PBXContainerItemProxy;
			containerPortal = 96271CC02801027E00CC8743 /* Project object */;
			proxyType = 1;
			remoteGlobalIDString = 96271CD12801029100CC8743;
			remoteInfo = "Memorize (macOS)";
		};
/* End PBXContainerItemProxy section */

/* Begin PBXFileReference section */
		96271CC52801027F00CC8743 /* MemorizeApp.swift */ = {isa = PBXFileReference; lastKnownFileType = sourcecode.swift; path = MemorizeApp.swift; sourceTree = "<group>"; };
		96271CC62801027F00CC8743 /* EmojiMemoryGameView.swift */ = {isa = PBXFileReference; lastKnownFileType = sourcecode.swift; path = EmojiMemoryGameView.swift; sourceTree = "<group>"; };
		96271CC72801029100CC8743 /* Assets.xcassets */ = {isa = PBXFileReference; lastKnownFileType = folder.assetcatalog; path = Assets.xcassets; sourceTree = "<group>"; };
		96271CCC2801029100CC8743 /* Memorize.app */ = {isa = PBXFileReference; explicitFileType = wrapper.application; includeInIndex = 0; path = Memorize.app; sourceTree = BUILT_PRODUCTS_DIR; };
		96271CD22801029100CC8743 /* Memorize.app */ = {isa = PBXFileReference; explicitFileType = wrapper.application; includeInIndex = 0; path = Memorize.app; sourceTree = BUILT_PRODUCTS_DIR; };
		96271CD42801029100CC8743 /* macOS.entitlements */ = {isa = PBXFileReference; lastKnownFileType = text.plist.entitlements; path = macOS.entitlements; sourceTree = "<group>"; };
		96271CD92801029100CC8743 /* Tests iOS.xctest */ = {isa = PBXFileReference; explicitFileType = wrapper.cfbundle; includeInIndex = 0; path = "Tests iOS.xctest"; sourceTree = BUILT_PRODUCTS_DIR; };
		96271CDD2801029100CC8743 /* Tests_iOS.swift */ = {isa = PBXFileReference; lastKnownFileType = sourcecode.swift; path = Tests_iOS.swift; sourceTree = "<group>"; };
		96271CDF2801029100CC8743 /* Tests_iOSLaunchTests.swift */ = {isa = PBXFileReference; lastKnownFileType = sourcecode.swift; path = Tests_iOSLaunchTests.swift; sourceTree = "<group>"; };
		96271CE52801029100CC8743 /* Tests macOS.xctest */ = {isa = PBXFileReference; explicitFileType = wrapper.cfbundle; includeInIndex = 0; path = "Tests macOS.xctest"; sourceTree = BUILT_PRODUCTS_DIR; };
		96271CE92801029100CC8743 /* Tests_macOS.swift */ = {isa = PBXFileReference; lastKnownFileType = sourcecode.swift; path = Tests_macOS.swift; sourceTree = "<group>"; };
		96271CEB2801029100CC8743 /* Tests_macOSLaunchTests.swift */ = {isa = PBXFileReference; lastKnownFileType = sourcecode.swift; path = Tests_macOSLaunchTests.swift; sourceTree = "<group>"; };
		96503E11281889FA00DACB71 /* Pie.swift */ = {isa = PBXFileReference; lastKnownFileType = sourcecode.swift; name = Pie.swift; path = Shared/View/Pie.swift; sourceTree = "<group>"; };
		965ECC9D2816FC8600FD2C18 /* AspectVGrid.swift */ = {isa = PBXFileReference; lastKnownFileType = sourcecode.swift; path = AspectVGrid.swift; sourceTree = SOURCE_ROOT; };
		96DA94B2281A0E9D00D66178 /* Cardify.swift */ = {isa = PBXFileReference; lastKnownFileType = sourcecode.swift; path = Cardify.swift; sourceTree = "<group>"; };
		96DCAF5D280DA38C002A24B2 /* MemoryGame.swift */ = {isa = PBXFileReference; lastKnownFileType = sourcecode.swift; path = MemoryGame.swift; sourceTree = "<group>"; };
		96DCAF60280DA4F1002A24B2 /* EmojiMemoryGame.swift */ = {isa = PBXFileReference; lastKnownFileType = sourcecode.swift; path = EmojiMemoryGame.swift; sourceTree = "<group>"; };
/* End PBXFileReference section */

/* Begin PBXFrameworksBuildPhase section */
		96271CC92801029100CC8743 /* Frameworks */ = {
			isa = PBXFrameworksBuildPhase;
			buildActionMask = 2147483647;
			files = (
			);
			runOnlyForDeploymentPostprocessing = 0;
		};
		96271CCF2801029100CC8743 /* Frameworks */ = {
			isa = PBXFrameworksBuildPhase;
			buildActionMask = 2147483647;
			files = (
			);
			runOnlyForDeploymentPostprocessing = 0;
		};
		96271CD62801029100CC8743 /* Frameworks */ = {
			isa = PBXFrameworksBuildPhase;
			buildActionMask = 2147483647;
			files = (
			);
			runOnlyForDeploymentPostprocessing = 0;
		};
		96271CE22801029100CC8743 /* Frameworks */ = {
			isa = PBXFrameworksBuildPhase;
			buildActionMask = 2147483647;
			files = (
			);
			runOnlyForDeploymentPostprocessing = 0;
		};
/* End PBXFrameworksBuildPhase section */

/* Begin PBXGroup section */
		96271CBF2801027E00CC8743 = {
			isa = PBXGroup;
			children = (
				96DA94B2281A0E9D00D66178 /* Cardify.swift */,
				96271CC42801027E00CC8743 /* Shared */,
				96503E11281889FA00DACB71 /* Pie.swift */,
				965ECC9D2816FC8600FD2C18 /* AspectVGrid.swift */,
				96271CC72801029100CC8743 /* Assets.xcassets */,
				96271CD32801029100CC8743 /* macOS */,
				96271CDC2801029100CC8743 /* Tests iOS */,
				96271CE82801029100CC8743 /* Tests macOS */,
				96271CCD2801029100CC8743 /* Products */,
			);
			sourceTree = "<group>";
		};
		96271CC42801027E00CC8743 /* Shared */ = {
			isa = PBXGroup;
			children = (
				96271CC52801027F00CC8743 /* MemorizeApp.swift */,
				9652FF44280EE0B50058F83B /* Model */,
				9652FF46280EE1990058F83B /* View */,
				966150D5280F0DE600E5F61C /* View Model */,
			);
			path = Shared;
			sourceTree = "<group>";
		};
		96271CCD2801029100CC8743 /* Products */ = {
			isa = PBXGroup;
			children = (
				96271CCC2801029100CC8743 /* Memorize.app */,
				96271CD22801029100CC8743 /* Memorize.app */,
				96271CD92801029100CC8743 /* Tests iOS.xctest */,
				96271CE52801029100CC8743 /* Tests macOS.xctest */,
			);
			name = Products;
			sourceTree = "<group>";
		};
		96271CD32801029100CC8743 /* macOS */ = {
			isa = PBXGroup;
			children = (
				96271CD42801029100CC8743 /* macOS.entitlements */,
			);
			path = macOS;
			sourceTree = "<group>";
		};
		96271CDC2801029100CC8743 /* Tests iOS */ = {
			isa = PBXGroup;
			children = (
				96271CDD2801029100CC8743 /* Tests_iOS.swift */,
				96271CDF2801029100CC8743 /* Tests_iOSLaunchTests.swift */,
			);
			path = "Tests iOS";
			sourceTree = "<group>";
		};
		96271CE82801029100CC8743 /* Tests macOS */ = {
			isa = PBXGroup;
			children = (
				96271CE92801029100CC8743 /* Tests_macOS.swift */,
				96271CEB2801029100CC8743 /* Tests_macOSLaunchTests.swift */,
			);
			path = "Tests macOS";
			sourceTree = "<group>";
		};
		9652FF44280EE0B50058F83B /* Model */ = {
			isa = PBXGroup;
			children = (
				96DCAF5D280DA38C002A24B2 /* MemoryGame.swift */,
			);
			path = Model;
			sourceTree = "<group>";
		};
		9652FF46280EE1990058F83B /* View */ = {
			isa = PBXGroup;
			children = (
				96271CC62801027F00CC8743 /* EmojiMemoryGameView.swift */,
			);
			path = View;
			sourceTree = "<group>";
		};
		966150D5280F0DE600E5F61C /* View Model */ = {
			isa = PBXGroup;
			children = (
				96DCAF60280DA4F1002A24B2 /* EmojiMemoryGame.swift */,
			);
			path = "View Model";
			sourceTree = "<group>";
		};
/* End PBXGroup section */

/* Begin PBXNativeTarget section */
		96271CCB2801029100CC8743 /* Memorize (iOS) */ = {
			isa = PBXNativeTarget;
			buildConfigurationList = 96271CF52801029100CC8743 /* Build configuration list for PBXNativeTarget "Memorize (iOS)" */;
			buildPhases = (
				96271CC82801029100CC8743 /* Sources */,
				96271CC92801029100CC8743 /* Frameworks */,
				96271CCA2801029100CC8743 /* Resources */,
			);
			buildRules = (
			);
			dependencies = (
			);
			name = "Memorize (iOS)";
			productName = "Memorize (iOS)";
			productReference = 96271CCC2801029100CC8743 /* Memorize.app */;
			productType = "com.apple.product-type.application";
		};
		96271CD12801029100CC8743 /* Memorize (macOS) */ = {
			isa = PBXNativeTarget;
			buildConfigurationList = 96271CF82801029100CC8743 /* Build configuration list for PBXNativeTarget "Memorize (macOS)" */;
			buildPhases = (
				96271CCE2801029100CC8743 /* Sources */,
				96271CCF2801029100CC8743 /* Frameworks */,
				96271CD02801029100CC8743 /* Resources */,
			);
			buildRules = (
			);
			dependencies = (
			);
			name = "Memorize (macOS)";
			productName = "Memorize (macOS)";
			productReference = 96271CD22801029100CC8743 /* Memorize.app */;
			productType = "com.apple.product-type.application";
		};
		96271CD82801029100CC8743 /* Tests iOS */ = {
			isa = PBXNativeTarget;
			buildConfigurationList = 96271CFB2801029100CC8743 /* Build configuration list for PBXNativeTarget "Tests iOS" */;
			buildPhases = (
				96271CD52801029100CC8743 /* Sources */,
				96271CD62801029100CC8743 /* Frameworks */,
				96271CD72801029100CC8743 /* Resources */,
			);
			buildRules = (
			);
			dependencies = (
				96271CDB2801029100CC8743 /* PBXTargetDependency */,
			);
			name = "Tests iOS";
			productName = "Tests iOS";
			productReference = 96271CD92801029100CC8743 /* Tests iOS.xctest */;
			productType = "com.apple.product-type.bundle.ui-testing";
		};
		96271CE42801029100CC8743 /* Tests macOS */ = {
			isa = PBXNativeTarget;
			buildConfigurationList = 96271CFE2801029100CC8743 /* Build configuration list for PBXNativeTarget "Tests macOS" */;
			buildPhases = (
				96271CE12801029100CC8743 /* Sources */,
				96271CE22801029100CC8743 /* Frameworks */,
				96271CE32801029100CC8743 /* Resources */,
			);
			buildRules = (
			);
			dependencies = (
				96271CE72801029100CC8743 /* PBXTargetDependency */,
			);
			name = "Tests macOS";
			productName = "Tests macOS";
			productReference = 96271CE52801029100CC8743 /* Tests macOS.xctest */;
			productType = "com.apple.product-type.bundle.ui-testing";
		};
/* End PBXNativeTarget section */

/* Begin PBXProject section */
		96271CC02801027E00CC8743 /* Project object */ = {
			isa = PBXProject;
			attributes = {
				BuildIndependentTargetsInParallel = 1;
				LastSwiftUpdateCheck = 1330;
				LastUpgradeCheck = 1330;
				TargetAttributes = {
					96271CCB2801029100CC8743 = {
						CreatedOnToolsVersion = 13.3;
					};
					96271CD12801029100CC8743 = {
						CreatedOnToolsVersion = 13.3;
					};
					96271CD82801029100CC8743 = {
						CreatedOnToolsVersion = 13.3;
						TestTargetID = 96271CCB2801029100CC8743;
					};
					96271CE42801029100CC8743 = {
						CreatedOnToolsVersion = 13.3;
						TestTargetID = 96271CD12801029100CC8743;
					};
				};
			};
			buildConfigurationList = 96271CC32801027E00CC8743 /* Build configuration list for PBXProject "Memorize" */;
			compatibilityVersion = "Xcode 13.0";
			developmentRegion = en;
			hasScannedForEncodings = 0;
			knownRegions = (
				en,
				Base,
			);
			mainGroup = 96271CBF2801027E00CC8743;
			productRefGroup = 96271CCD2801029100CC8743 /* Products */;
			projectDirPath = "";
			projectRoot = "";
			targets = (
				96271CCB2801029100CC8743 /* Memorize (iOS) */,
				96271CD12801029100CC8743 /* Memorize (macOS) */,
				96271CD82801029100CC8743 /* Tests iOS */,
				96271CE42801029100CC8743 /* Tests macOS */,
			);
		};
/* End PBXProject section */

/* Begin PBXResourcesBuildPhase section */
		96271CCA2801029100CC8743 /* Resources */ = {
			isa = PBXResourcesBuildPhase;
			buildActionMask = 2147483647;
			files = (
				96271CF12801029100CC8743 /* Assets.xcassets in Resources */,
			);
			runOnlyForDeploymentPostprocessing = 0;
		};
		96271CD02801029100CC8743 /* Resources */ = {
			isa = PBXResourcesBuildPhase;
			buildActionMask = 2147483647;
			files = (
				96271CF22801029100CC8743 /* Assets.xcassets in Resources */,
			);
			runOnlyForDeploymentPostprocessing = 0;
		};
		96271CD72801029100CC8743 /* Resources */ = {
			isa = PBXResourcesBuildPhase;
			buildActionMask = 2147483647;
			files = (
			);
			runOnlyForDeploymentPostprocessing = 0;
		};
		96271CE32801029100CC8743 /* Resources */ = {
			isa = PBXResourcesBuildPhase;
			buildActionMask = 2147483647;
			files = (
			);
			runOnlyForDeploymentPostprocessing = 0;
		};
/* End PBXResourcesBuildPhase section */

/* Begin PBXSourcesBuildPhase section */
		96271CC82801029100CC8743 /* Sources */ = {
			isa = PBXSourcesBuildPhase;
			buildActionMask = 2147483647;
			files = (
				96503E12281889FA00DACB71 /* Pie.swift in Sources */,
				96DA94B3281A0E9E00D66178 /* Cardify.swift in Sources */,
				96DCAF5E280DA38C002A24B2 /* MemoryGame.swift in Sources */,
				96271CEF2801029100CC8743 /* EmojiMemoryGameView.swift in Sources */,
				96271CED2801029100CC8743 /* MemorizeApp.swift in Sources */,
				965ECC9E2816FC8700FD2C18 /* AspectVGrid.swift in Sources */,
				96DCAF61280DA4F3002A24B2 /* EmojiMemoryGame.swift in Sources */,
			);
			runOnlyForDeploymentPostprocessing = 0;
		};
		96271CCE2801029100CC8743 /* Sources */ = {
			isa = PBXSourcesBuildPhase;
			buildActionMask = 2147483647;
			files = (
				96503E13281889FA00DACB71 /* Pie.swift in Sources */,
				96DA94B4281A0E9E00D66178 /* Cardify.swift in Sources */,
				96DCAF5F280DA38C002A24B2 /* MemoryGame.swift in Sources */,
				96271CF02801029100CC8743 /* EmojiMemoryGameView.swift in Sources */,
				96271CEE2801029100CC8743 /* MemorizeApp.swift in Sources */,
				965ECC9F2816FC8800FD2C18 /* AspectVGrid.swift in Sources */,
				96DCAF62280DA4F3002A24B2 /* EmojiMemoryGame.swift in Sources */,
			);
			runOnlyForDeploymentPostprocessing = 0;
		};
		96271CD52801029100CC8743 /* Sources */ = {
			isa = PBXSourcesBuildPhase;
			buildActionMask = 2147483647;
			files = (
				96271CE02801029100CC8743 /* Tests_iOSLaunchTests.swift in Sources */,
				96271CDE2801029100CC8743 /* Tests_iOS.swift in Sources */,
			);
			runOnlyForDeploymentPostprocessing = 0;
		};
		96271CE12801029100CC8743 /* Sources */ = {
			isa = PBXSourcesBuildPhase;
			buildActionMask = 2147483647;
			files = (
				96271CEC2801029100CC8743 /* Tests_macOSLaunchTests.swift in Sources */,
				96271CEA2801029100CC8743 /* Tests_macOS.swift in Sources */,
			);
			runOnlyForDeploymentPostprocessing = 0;
		};
/* End PBXSourcesBuildPhase section */

/* Begin PBXTargetDependency section */
		96271CDB2801029100CC8743 /* PBXTargetDependency */ = {
			isa = PBXTargetDependency;
			target = 96271CCB2801029100CC8743 /* Memorize (iOS) */;
			targetProxy = 96271CDA2801029100CC8743 /* PBXContainerItemProxy */;
		};
		96271CE72801029100CC8743 /* PBXTargetDependency */ = {
			isa = PBXTargetDependency;
			target = 96271CD12801029100CC8743 /* Memorize (macOS) */;
			targetProxy = 96271CE62801029100CC8743 /* PBXContainerItemProxy */;
		};
/* End PBXTargetDependency section */

/* Begin XCBuildConfiguration section */
		96271CF32801029100CC8743 /* Debug */ = {
			isa = XCBuildConfiguration;
			buildSettings = {
				ALWAYS_SEARCH_USER_PATHS = NO;
				CLANG_ANALYZER_NONNULL = YES;
				CLANG_ANALYZER_NUMBER_OBJECT_CONVERSION = YES_AGGRESSIVE;
				CLANG_CXX_LANGUAGE_STANDARD = "gnu++17";
				CLANG_ENABLE_MODULES = YES;
				CLANG_ENABLE_OBJC_ARC = YES;
				CLANG_ENABLE_OBJC_WEAK = YES;
				CLANG_WARN_BLOCK_CAPTURE_AUTORELEASING = YES;
				CLANG_WARN_BOOL_CONVERSION = YES;
				CLANG_WARN_COMMA = YES;
				CLANG_WARN_CONSTANT_CONVERSION = YES;
				CLANG_WARN_DEPRECATED_OBJC_IMPLEMENTATIONS = YES;
				CLANG_WARN_DIRECT_OBJC_ISA_USAGE = YES_ERROR;
				CLANG_WARN_DOCUMENTATION_COMMENTS = YES;
				CLANG_WARN_EMPTY_BODY = YES;
				CLANG_WARN_ENUM_CONVERSION = YES;
				CLANG_WARN_INFINITE_RECURSION = YES;
				CLANG_WARN_INT_CONVERSION = YES;
				CLANG_WARN_NON_LITERAL_NULL_CONVERSION = YES;
				CLANG_WARN_OBJC_IMPLICIT_RETAIN_SELF = YES;
				CLANG_WARN_OBJC_LITERAL_CONVERSION = YES;
				CLANG_WARN_OBJC_ROOT_CLASS = YES_ERROR;
				CLANG_WARN_QUOTED_INCLUDE_IN_FRAMEWORK_HEADER = YES;
				CLANG_WARN_RANGE_LOOP_ANALYSIS = YES;
				CLANG_WARN_STRICT_PROTOTYPES = YES;
				CLANG_WARN_SUSPICIOUS_MOVE = YES;
				CLANG_WARN_UNGUARDED_AVAILABILITY = YES_AGGRESSIVE;
				CLANG_WARN_UNREACHABLE_CODE = YES;
				CLANG_WARN__DUPLICATE_METHOD_MATCH = YES;
				COPY_PHASE_STRIP = NO;
				DEBUG_INFORMATION_FORMAT = dwarf;
				ENABLE_STRICT_OBJC_MSGSEND = YES;
				ENABLE_TESTABILITY = YES;
				GCC_C_LANGUAGE_STANDARD = gnu11;
				GCC_DYNAMIC_NO_PIC = NO;
				GCC_NO_COMMON_BLOCKS = YES;
				GCC_OPTIMIZATION_LEVEL = 0;
				GCC_PREPROCESSOR_DEFINITIONS = (
					"DEBUG=1",
					"$(inherited)",
				);
				GCC_WARN_64_TO_32_BIT_CONVERSION = YES;
				GCC_WARN_ABOUT_RETURN_TYPE = YES_ERROR;
				GCC_WARN_UNDECLARED_SELECTOR = YES;
				GCC_WARN_UNINITIALIZED_AUTOS = YES_AGGRESSIVE;
				GCC_WARN_UNUSED_FUNCTION = YES;
				GCC_WARN_UNUSED_VARIABLE = YES;
				MTL_ENABLE_DEBUG_INFO = INCLUDE_SOURCE;
				MTL_FAST_MATH = YES;
				ONLY_ACTIVE_ARCH = YES;
				SWIFT_ACTIVE_COMPILATION_CONDITIONS = DEBUG;
				SWIFT_OPTIMIZATION_LEVEL = "-Onone";
			};
			name = Debug;
		};
		96271CF42801029100CC8743 /* Release */ = {
			isa = XCBuildConfiguration;
			buildSettings = {
				ALWAYS_SEARCH_USER_PATHS = NO;
				CLANG_ANALYZER_NONNULL = YES;
				CLANG_ANALYZER_NUMBER_OBJECT_CONVERSION = YES_AGGRESSIVE;
				CLANG_CXX_LANGUAGE_STANDARD = "gnu++17";
				CLANG_ENABLE_MODULES = YES;
				CLANG_ENABLE_OBJC_ARC = YES;
				CLANG_ENABLE_OBJC_WEAK = YES;
				CLANG_WARN_BLOCK_CAPTURE_AUTORELEASING = YES;
				CLANG_WARN_BOOL_CONVERSION = YES;
				CLANG_WARN_COMMA = YES;
				CLANG_WARN_CONSTANT_CONVERSION = YES;
				CLANG_WARN_DEPRECATED_OBJC_IMPLEMENTATIONS = YES;
				CLANG_WARN_DIRECT_OBJC_ISA_USAGE = YES_ERROR;
				CLANG_WARN_DOCUMENTATION_COMMENTS = YES;
				CLANG_WARN_EMPTY_BODY = YES;
				CLANG_WARN_ENUM_CONVERSION = YES;
				CLANG_WARN_INFINITE_RECURSION = YES;
				CLANG_WARN_INT_CONVERSION = YES;
				CLANG_WARN_NON_LITERAL_NULL_CONVERSION = YES;
				CLANG_WARN_OBJC_IMPLICIT_RETAIN_SELF = YES;
				CLANG_WARN_OBJC_LITERAL_CONVERSION = YES;
				CLANG_WARN_OBJC_ROOT_CLASS = YES_ERROR;
				CLANG_WARN_QUOTED_INCLUDE_IN_FRAMEWORK_HEADER = YES;
				CLANG_WARN_RANGE_LOOP_ANALYSIS = YES;
				CLANG_WARN_STRICT_PROTOTYPES = YES;
				CLANG_WARN_SUSPICIOUS_MOVE = YES;
				CLANG_WARN_UNGUARDED_AVAILABILITY = YES_AGGRESSIVE;
				CLANG_WARN_UNREACHABLE_CODE = YES;
				CLANG_WARN__DUPLICATE_METHOD_MATCH = YES;
				COPY_PHASE_STRIP = NO;
				DEBUG_INFORMATION_FORMAT = "dwarf-with-dsym";
				ENABLE_NS_ASSERTIONS = NO;
				ENABLE_STRICT_OBJC_MSGSEND = YES;
				GCC_C_LANGUAGE_STANDARD = gnu11;
				GCC_NO_COMMON_BLOCKS = YES;
				GCC_WARN_64_TO_32_BIT_CONVERSION = YES;
				GCC_WARN_ABOUT_RETURN_TYPE = YES_ERROR;
				GCC_WARN_UNDECLARED_SELECTOR = YES;
				GCC_WARN_UNINITIALIZED_AUTOS = YES_AGGRESSIVE;
				GCC_WARN_UNUSED_FUNCTION = YES;
				GCC_WARN_UNUSED_VARIABLE = YES;
				MTL_ENABLE_DEBUG_INFO = NO;
				MTL_FAST_MATH = YES;
				SWIFT_COMPILATION_MODE = wholemodule;
				SWIFT_OPTIMIZATION_LEVEL = "-O";
			};
			name = Release;
		};
		96271CF62801029100CC8743 /* Debug */ = {
			isa = XCBuildConfiguration;
			buildSettings = {
				ASSETCATALOG_COMPILER_APPICON_NAME = AppIcon;
				ASSETCATALOG_COMPILER_GLOBAL_ACCENT_COLOR_NAME = AccentColor;
				CODE_SIGN_STYLE = Automatic;
				CURRENT_PROJECT_VERSION = 1;
				ENABLE_PREVIEWS = YES;
				GENERATE_INFOPLIST_FILE = YES;
				INFOPLIST_KEY_UIApplicationSceneManifest_Generation = YES;
				INFOPLIST_KEY_UIApplicationSupportsIndirectInputEvents = YES;
				INFOPLIST_KEY_UILaunchScreen_Generation = YES;
				INFOPLIST_KEY_UISupportedInterfaceOrientations_iPad = "UIInterfaceOrientationPortrait UIInterfaceOrientationPortraitUpsideDown UIInterfaceOrientationLandscapeLeft UIInterfaceOrientationLandscapeRight";
				INFOPLIST_KEY_UISupportedInterfaceOrientations_iPhone = "UIInterfaceOrientationPortrait UIInterfaceOrientationLandscapeLeft UIInterfaceOrientationLandscapeRight";
				IPHONEOS_DEPLOYMENT_TARGET = 15.4;
				LD_RUNPATH_SEARCH_PATHS = (
					"$(inherited)",
					"@executable_path/Frameworks",
				);
				MARKETING_VERSION = 1.0;
				PRODUCT_BUNDLE_IDENTIFIER = atallah.Memorize;
				PRODUCT_NAME = Memorize;
				SDKROOT = iphoneos;
				SWIFT_EMIT_LOC_STRINGS = YES;
				SWIFT_VERSION = 5.0;
				TARGETED_DEVICE_FAMILY = "1,2";
			};
			name = Debug;
		};
		96271CF72801029100CC8743 /* Release */ = {
			isa = XCBuildConfiguration;
			buildSettings = {
				ASSETCATALOG_COMPILER_APPICON_NAME = AppIcon;
				ASSETCATALOG_COMPILER_GLOBAL_ACCENT_COLOR_NAME = AccentColor;
				CODE_SIGN_STYLE = Automatic;
				CURRENT_PROJECT_VERSION = 1;
				ENABLE_PREVIEWS = YES;
				GENERATE_INFOPLIST_FILE = YES;
				INFOPLIST_KEY_UIApplicationSceneManifest_Generation = YES;
				INFOPLIST_KEY_UIApplicationSupportsIndirectInputEvents = YES;
				INFOPLIST_KEY_UILaunchScreen_Generation = YES;
				INFOPLIST_KEY_UISupportedInterfaceOrientations_iPad = "UIInterfaceOrientationPortrait UIInterfaceOrientationPortraitUpsideDown UIInterfaceOrientationLandscapeLeft UIInterfaceOrientationLandscapeRight";
				INFOPLIST_KEY_UISupportedInterfaceOrientations_iPhone = "UIInterfaceOrientationPortrait UIInterfaceOrientationLandscapeLeft UIInterfaceOrientationLandscapeRight";
				IPHONEOS_DEPLOYMENT_TARGET = 15.4;
				LD_RUNPATH_SEARCH_PATHS = (
					"$(inherited)",
					"@executable_path/Frameworks",
				);
				MARKETING_VERSION = 1.0;
				PRODUCT_BUNDLE_IDENTIFIER = atallah.Memorize;
				PRODUCT_NAME = Memorize;
				SDKROOT = iphoneos;
				SWIFT_EMIT_LOC_STRINGS = YES;
				SWIFT_VERSION = 5.0;
				TARGETED_DEVICE_FAMILY = "1,2";
				VALIDATE_PRODUCT = YES;
			};
			name = Release;
		};
		96271CF92801029100CC8743 /* Debug */ = {
			isa = XCBuildConfiguration;
			buildSettings = {
				ASSETCATALOG_COMPILER_APPICON_NAME = AppIcon;
				ASSETCATALOG_COMPILER_GLOBAL_ACCENT_COLOR_NAME = AccentColor;
				CODE_SIGN_ENTITLEMENTS = macOS/macOS.entitlements;
				CODE_SIGN_STYLE = Automatic;
				COMBINE_HIDPI_IMAGES = YES;
				CURRENT_PROJECT_VERSION = 1;
				ENABLE_PREVIEWS = YES;
				GENERATE_INFOPLIST_FILE = YES;
				INFOPLIST_KEY_NSHumanReadableCopyright = "";
				LD_RUNPATH_SEARCH_PATHS = (
					"$(inherited)",
					"@executable_path/../Frameworks",
				);
				MACOSX_DEPLOYMENT_TARGET = 12.0;
				MARKETING_VERSION = 1.0;
				PRODUCT_BUNDLE_IDENTIFIER = atallah.Memorize;
				PRODUCT_NAME = Memorize;
				SDKROOT = macosx;
				SWIFT_EMIT_LOC_STRINGS = YES;
				SWIFT_VERSION = 5.0;
			};
			name = Debug;
		};
		96271CFA2801029100CC8743 /* Release */ = {
			isa = XCBuildConfiguration;
			buildSettings = {
				ASSETCATALOG_COMPILER_APPICON_NAME = AppIcon;
				ASSETCATALOG_COMPILER_GLOBAL_ACCENT_COLOR_NAME = AccentColor;
				CODE_SIGN_ENTITLEMENTS = macOS/macOS.entitlements;
				CODE_SIGN_STYLE = Automatic;
				COMBINE_HIDPI_IMAGES = YES;
				CURRENT_PROJECT_VERSION = 1;
				ENABLE_PREVIEWS = YES;
				GENERATE_INFOPLIST_FILE = YES;
				INFOPLIST_KEY_NSHumanReadableCopyright = "";
				LD_RUNPATH_SEARCH_PATHS = (
					"$(inherited)",
					"@executable_path/../Frameworks",
				);
				MACOSX_DEPLOYMENT_TARGET = 12.0;
				MARKETING_VERSION = 1.0;
				PRODUCT_BUNDLE_IDENTIFIER = atallah.Memorize;
				PRODUCT_NAME = Memorize;
				SDKROOT = macosx;
				SWIFT_EMIT_LOC_STRINGS = YES;
				SWIFT_VERSION = 5.0;
			};
			name = Release;
		};
		96271CFC2801029100CC8743 /* Debug */ = {
			isa = XCBuildConfiguration;
			buildSettings = {
				ALWAYS_EMBED_SWIFT_STANDARD_LIBRARIES = YES;
				CODE_SIGN_STYLE = Automatic;
				CURRENT_PROJECT_VERSION = 1;
				GENERATE_INFOPLIST_FILE = YES;
				IPHONEOS_DEPLOYMENT_TARGET = 15.4;
				MARKETING_VERSION = 1.0;
				PRODUCT_BUNDLE_IDENTIFIER = "atallah.Tests-iOS";
				PRODUCT_NAME = "$(TARGET_NAME)";
				SDKROOT = iphoneos;
				SWIFT_EMIT_LOC_STRINGS = NO;
				SWIFT_VERSION = 5.0;
				TARGETED_DEVICE_FAMILY = "1,2";
				TEST_TARGET_NAME = "Memorize (iOS)";
			};
			name = Debug;
		};
		96271CFD2801029100CC8743 /* Release */ = {
			isa = XCBuildConfiguration;
			buildSettings = {
				ALWAYS_EMBED_SWIFT_STANDARD_LIBRARIES = YES;
				CODE_SIGN_STYLE = Automatic;
				CURRENT_PROJECT_VERSION = 1;
				GENERATE_INFOPLIST_FILE = YES;
				IPHONEOS_DEPLOYMENT_TARGET = 15.4;
				MARKETING_VERSION = 1.0;
				PRODUCT_BUNDLE_IDENTIFIER = "atallah.Tests-iOS";
				PRODUCT_NAME = "$(TARGET_NAME)";
				SDKROOT = iphoneos;
				SWIFT_EMIT_LOC_STRINGS = NO;
				SWIFT_VERSION = 5.0;
				TARGETED_DEVICE_FAMILY = "1,2";
				TEST_TARGET_NAME = "Memorize (iOS)";
				VALIDATE_PRODUCT = YES;
			};
			name = Release;
		};
		96271CFF2801029100CC8743 /* Debug */ = {
			isa = XCBuildConfiguration;
			buildSettings = {
				ALWAYS_EMBED_SWIFT_STANDARD_LIBRARIES = YES;
				CODE_SIGN_STYLE = Automatic;
				CURRENT_PROJECT_VERSION = 1;
				GENERATE_INFOPLIST_FILE = YES;
				MACOSX_DEPLOYMENT_TARGET = 12.0;
				MARKETING_VERSION = 1.0;
				PRODUCT_BUNDLE_IDENTIFIER = "atallah.Tests-macOS";
				PRODUCT_NAME = "$(TARGET_NAME)";
				SDKROOT = macosx;
				SWIFT_EMIT_LOC_STRINGS = NO;
				SWIFT_VERSION = 5.0;
				TEST_TARGET_NAME = "Memorize (macOS)";
			};
			name = Debug;
		};
		96271D002801029100CC8743 /* Release */ = {
			isa = XCBuildConfiguration;
			buildSettings = {
				ALWAYS_EMBED_SWIFT_STANDARD_LIBRARIES = YES;
				CODE_SIGN_STYLE = Automatic;
				CURRENT_PROJECT_VERSION = 1;
				GENERATE_INFOPLIST_FILE = YES;
				MACOSX_DEPLOYMENT_TARGET = 12.0;
				MARKETING_VERSION = 1.0;
				PRODUCT_BUNDLE_IDENTIFIER = "atallah.Tests-macOS";
				PRODUCT_NAME = "$(TARGET_NAME)";
				SDKROOT = macosx;
				SWIFT_EMIT_LOC_STRINGS = NO;
				SWIFT_VERSION = 5.0;
				TEST_TARGET_NAME = "Memorize (macOS)";
			};
			name = Release;
		};
/* End XCBuildConfiguration section */

/* Begin XCConfigurationList section */
		96271CC32801027E00CC8743 /* Build configuration list for PBXProject "Memorize" */ = {
			isa = XCConfigurationList;
			buildConfigurations = (
				96271CF32801029100CC8743 /* Debug */,
				96271CF42801029100CC8743 /* Release */,
			);
			defaultConfigurationIsVisible = 0;
			defaultConfigurationName = Release;
		};
		96271CF52801029100CC8743 /* Build configuration list for PBXNativeTarget "Memorize (iOS)" */ = {
			isa = XCConfigurationList;
			buildConfigurations = (
				96271CF62801029100CC8743 /* Debug */,
				96271CF72801029100CC8743 /* Release */,
			);
			defaultConfigurationIsVisible = 0;
			defaultConfigurationName = Release;
		};
		96271CF82801029100CC8743 /* Build configuration list for PBXNativeTarget "Memorize (macOS)" */ = {
			isa = XCConfigurationList;
			buildConfigurations = (
				96271CF92801029100CC8743 /* Debug */,
				96271CFA2801029100CC8743 /* Release */,
			);
			defaultConfigurationIsVisible = 0;
			defaultConfigurationName = Release;
		};
		96271CFB2801029100CC8743 /* Build configuration list for PBXNativeTarget "Tests iOS" */ = {
			isa = XCConfigurationList;
			buildConfigurations = (
				96271CFC2801029100CC8743 /* Debug */,
				96271CFD2801029100CC8743 /* Release */,
			);
			defaultConfigurationIsVisible = 0;
			defaultConfigurationName = Release;
		};
		96271CFE2801029100CC8743 /* Build configuration list for PBXNativeTarget "Tests macOS" */ = {
			isa = XCConfigurationList;
			buildConfigurations = (
				96271CFF2801029100CC8743 /* Debug */,
				96271D002801029100CC8743 /* Release */,
			);
			defaultConfigurationIsVisible = 0;
			defaultConfigurationName = Release;
		};
/* End XCConfigurationList section */
	};
	rootObject = 96271CC02801027E00CC8743 /* Project object */;
}
